{
  "originHash" : "c5bd83a0a80752c1fe01c4c9a909705707dbdc0c65b7065b2762bc89ca9283a4",
  "pins" : [
    {
      "identity" : "mapbox-common-ios",
      "kind" : "remoteSourceControl",
      "location" : "https://github.com/mapbox/mapbox-common-ios.git",
      "state" : {
        "revision" : "add54e4b7d4cfe1e12600d73af6d38a536b37085",
        "version" : "24.5.0"
      }
    },
    {
      "identity" : "mapbox-core-maps-ios",
      "kind" : "remoteSourceControl",
      "location" : "https://github.com/mapbox/mapbox-core-maps-ios.git",
      "state" : {
        "revision" : "cf7e79b45888b1eab218c387268226cdbf2651be",
        "version" : "11.5.3"
      }
    },
    {
      "identity" : "mapbox-maps-ios",
      "kind" : "remoteSourceControl",
      "location" : "https://github.com/mapbox/mapbox-maps-ios.git",
      "state" : {
        "revision" : "b25c48d3b5a19a27c33c35746914fbc80a635c70",
        "version" : "11.5.2"
      }
    },
    {
      "identity" : "mapbox-navigation-ios",
      "kind" : "remoteSourceControl",
      "location" : "https://github.com/mapbox/mapbox-navigation-ios.git",
      "state" : {
        "revision" : "2d1ec3c0c0990eade03286711f3582606cc24cb4",
        "version" : "3.2.1"
      }
    },
    {
      "identity" : "mapbox-navigation-native-ios",
      "kind" : "remoteSourceControl",
      "location" : "https://github.com/mapbox/mapbox-navigation-native-ios.git",
      "state" : {
        "revision" : "1d6c1186d468f0ad27ba2653a9a49423a5cd5c81",
        "version" : "314.0.0"
      }
    },
    {
      "identity" : "swift-snapshot-testing",
      "kind" : "remoteSourceControl",
      "location" : "https://github.com/pointfreeco/swift-snapshot-testing.git",
      "state" : {
        "revision" : "26ed3a2b4a2df47917ca9b790a57f91285b923fb",
        "version" : "1.12.0"
      }
    },
    {
      "identity" : "turf-swift",
      "kind" : "remoteSourceControl",
      "location" : "https://github.com/mapbox/turf-swift.git",
      "state" : {
        "revision" : "213050191cfcb3d5aa76e1fa90c6ff1e182a42ca",
        "version" : "2.8.0"
      }
    }
  ],
  "version" : 3
}
